// !$*UTF8*$!
{
	archiveVersion = 1;
	classes = {
	};
	objectVersion = 50;
	objects = {

/* Begin PBXBuildFile section */
		5A3433AC264B943D0081BA8C /* AppDelegate.swift in Sources */ = {isa = PBXBuildFile; fileRef = 5A3433AB264B943D0081BA8C /* AppDelegate.swift */; };
		5A3433AE264B943D0081BA8C /* SceneDelegate.swift in Sources */ = {isa = PBXBuildFile; fileRef = 5A3433AD264B943D0081BA8C /* SceneDelegate.swift */; };
		5A3433B0264B943D0081BA8C /* ViewController.swift in Sources */ = {isa = PBXBuildFile; fileRef = 5A3433AF264B943D0081BA8C /* ViewController.swift */; };
		5A3433B3264B943D0081BA8C /* Main.storyboard in Resources */ = {isa = PBXBuildFile; fileRef = 5A3433B1264B943D0081BA8C /* Main.storyboard */; };
		5A3433B5264B94440081BA8C /* Assets.xcassets in Resources */ = {isa = PBXBuildFile; fileRef = 5A3433B4264B94440081BA8C /* Assets.xcassets */; };
		5A3433B8264B94440081BA8C /* LaunchScreen.storyboard in Resources */ = {isa = PBXBuildFile; fileRef = 5A3433B6264B94440081BA8C /* LaunchScreen.storyboard */; };
		5A3433C3264B94450081BA8C /* WordListTests.swift in Sources */ = {isa = PBXBuildFile; fileRef = 5A3433C2264B94450081BA8C /* WordListTests.swift */; };
		5A3433CE264B94450081BA8C /* WordListUITests.swift in Sources */ = {isa = PBXBuildFile; fileRef = 5A3433CD264B94450081BA8C /* WordListUITests.swift */; };
/* End PBXBuildFile section */

/* Begin PBXContainerItemProxy section */
		5A3433BF264B94450081BA8C /* PBXContainerItemProxy */ = {
			isa = PBXContainerItemProxy;
			containerPortal = 5A3433A0264B943D0081BA8C /* Project object */;
			proxyType = 1;
			remoteGlobalIDString = 5A3433A7264B943D0081BA8C;
			remoteInfo = WordList;
		};
		5A3433CA264B94450081BA8C /* PBXContainerItemProxy */ = {
			isa = PBXContainerItemProxy;
			containerPortal = 5A3433A0264B943D0081BA8C /* Project object */;
			proxyType = 1;
			remoteGlobalIDString = 5A3433A7264B943D0081BA8C;
			remoteInfo = WordList;
		};
/* End PBXContainerItemProxy section */

/* Begin PBXFileReference section */
		5A3433A8264B943D0081BA8C /* WordList.app */ = {isa = PBXFileReference; explicitFileType = wrapper.application; includeInIndex = 0; path = WordList.app; sourceTree = BUILT_PRODUCTS_DIR; };
		5A3433AB264B943D0081BA8C /* AppDelegate.swift */ = {isa = PBXFileReference; lastKnownFileType = sourcecode.swift; path = AppDelegate.swift; sourceTree = "<group>"; };
		5A3433AD264B943D0081BA8C /* SceneDelegate.swift */ = {isa = PBXFileReference; lastKnownFileType = sourcecode.swift; path = SceneDelegate.swift; sourceTree = "<group>"; };
		5A3433AF264B943D0081BA8C /* ViewController.swift */ = {isa = PBXFileReference; lastKnownFileType = sourcecode.swift; path = ViewController.swift; sourceTree = "<group>"; };
		5A3433B2264B943D0081BA8C /* Base */ = {isa = PBXFileReference; lastKnownFileType = file.storyboard; name = Base; path = Base.lproj/Main.storyboard; sourceTree = "<group>"; };
		5A3433B4264B94440081BA8C /* Assets.xcassets */ = {isa = PBXFileReference; lastKnownFileType = folder.assetcatalog; path = Assets.xcassets; sourceTree = "<group>"; };
		5A3433B7264B94440081BA8C /* Base */ = {isa = PBXFileReference; lastKnownFileType = file.storyboard; name = Base; path = Base.lproj/LaunchScreen.storyboard; sourceTree = "<group>"; };
		5A3433B9264B94440081BA8C /* Info.plist */ = {isa = PBXFileReference; lastKnownFileType = text.plist.xml; path = Info.plist; sourceTree = "<group>"; };
		5A3433BE264B94450081BA8C /* WordListTests.xctest */ = {isa = PBXFileReference; explicitFileType = wrapper.cfbundle; includeInIndex = 0; path = WordListTests.xctest; sourceTree = BUILT_PRODUCTS_DIR; };
		5A3433C2264B94450081BA8C /* WordListTests.swift */ = {isa = PBXFileReference; lastKnownFileType = sourcecode.swift; path = WordListTests.swift; sourceTree = "<group>"; };
		5A3433C4264B94450081BA8C /* Info.plist */ = {isa = PBXFileReference; lastKnownFileType = text.plist.xml; path = Info.plist; sourceTree = "<group>"; };
		5A3433C9264B94450081BA8C /* WordListUITests.xctest */ = {isa = PBXFileReference; explicitFileType = wrapper.cfbundle; includeInIndex = 0; path = WordListUITests.xctest; sourceTree = BUILT_PRODUCTS_DIR; };
		5A3433CD264B94450081BA8C /* WordListUITests.swift */ = {isa = PBXFileReference; lastKnownFileType = sourcecode.swift; path = WordListUITests.swift; sourceTree = "<group>"; };
		5A3433CF264B94450081BA8C /* Info.plist */ = {isa = PBXFileReference; lastKnownFileType = text.plist.xml; path = Info.plist; sourceTree = "<group>"; };
/* End PBXFileReference section */

/* Begin PBXFrameworksBuildPhase section */
		5A3433A5264B943D0081BA8C /* Frameworks */ = {
			isa = PBXFrameworksBuildPhase;
			buildActionMask = 2147483647;
			files = (
			);
			runOnlyForDeploymentPostprocessing = 0;
		};
		5A3433BB264B94450081BA8C /* Frameworks */ = {
			isa = PBXFrameworksBuildPhase;
			buildActionMask = 2147483647;
			files = (
			);
			runOnlyForDeploymentPostprocessing = 0;
		};
		5A3433C6264B94450081BA8C /* Frameworks */ = {
			isa = PBXFrameworksBuildPhase;
			buildActionMask = 2147483647;
			files = (
			);
			runOnlyForDeploymentPostprocessing = 0;
		};
/* End PBXFrameworksBuildPhase section */

/* Begin PBXGroup section */
		5A34339F264B943D0081BA8C = {
			isa = PBXGroup;
			children = (
				5A3433AA264B943D0081BA8C /* WordList */,
				5A3433C1264B94450081BA8C /* WordListTests */,
				5A3433CC264B94450081BA8C /* WordListUITests */,
				5A3433A9264B943D0081BA8C /* Products */,
			);
			sourceTree = "<group>";
		};
		5A3433A9264B943D0081BA8C /* Products */ = {
			isa = PBXGroup;
			children = (
				5A3433A8264B943D0081BA8C /* WordList.app */,
				5A3433BE264B94450081BA8C /* WordListTests.xctest */,
				5A3433C9264B94450081BA8C /* WordListUITests.xctest */,
			);
			name = Products;
			sourceTree = "<group>";
		};
		5A3433AA264B943D0081BA8C /* WordList */ = {
			isa = PBXGroup;
			children = (
				5A3433AB264B943D0081BA8C /* AppDelegate.swift */,
				5A3433AD264B943D0081BA8C /* SceneDelegate.swift */,
				5A3433AF264B943D0081BA8C /* ViewController.swift */,
				5A3433B1264B943D0081BA8C /* Main.storyboard */,
				5A3433B4264B94440081BA8C /* Assets.xcassets */,
				5A3433B6264B94440081BA8C /* LaunchScreen.storyboard */,
				5A3433B9264B94440081BA8C /* Info.plist */,
			);
			path = WordList;
			sourceTree = "<group>";
		};
		5A3433C1264B94450081BA8C /* WordListTests */ = {
			isa = PBXGroup;
			children = (
				5A3433C2264B94450081BA8C /* WordListTests.swift */,
				5A3433C4264B94450081BA8C /* Info.plist */,
			);
			path = WordListTests;
			sourceTree = "<group>";
		};
		5A3433CC264B94450081BA8C /* WordListUITests */ = {
			isa = PBXGroup;
			children = (
				5A3433CD264B94450081BA8C /* WordListUITests.swift */,
				5A3433CF264B94450081BA8C /* Info.plist */,
			);
			path = WordListUITests;
			sourceTree = "<group>";
		};
/* End PBXGroup section */

/* Begin PBXNativeTarget section */
		5A3433A7264B943D0081BA8C /* WordList */ = {
			isa = PBXNativeTarget;
			buildConfigurationList = 5A3433D2264B94450081BA8C /* Build configuration list for PBXNativeTarget "WordList" */;
			buildPhases = (
				5A3433A4264B943D0081BA8C /* Sources */,
				5A3433A5264B943D0081BA8C /* Frameworks */,
				5A3433A6264B943D0081BA8C /* Resources */,
			);
			buildRules = (
			);
			dependencies = (
			);
			name = WordList;
			productName = WordList;
			productReference = 5A3433A8264B943D0081BA8C /* WordList.app */;
			productType = "com.apple.product-type.application";
		};
		5A3433BD264B94450081BA8C /* WordListTests */ = {
			isa = PBXNativeTarget;
			buildConfigurationList = 5A3433D5264B94450081BA8C /* Build configuration list for PBXNativeTarget "WordListTests" */;
			buildPhases = (
				5A3433BA264B94450081BA8C /* Sources */,
				5A3433BB264B94450081BA8C /* Frameworks */,
				5A3433BC264B94450081BA8C /* Resources */,
			);
			buildRules = (
			);
			dependencies = (
				5A3433C0264B94450081BA8C /* PBXTargetDependency */,
			);
			name = WordListTests;
			productName = WordListTests;
			productReference = 5A3433BE264B94450081BA8C /* WordListTests.xctest */;
			productType = "com.apple.product-type.bundle.unit-test";
		};
		5A3433C8264B94450081BA8C /* WordListUITests */ = {
			isa = PBXNativeTarget;
			buildConfigurationList = 5A3433D8264B94450081BA8C /* Build configuration list for PBXNativeTarget "WordListUITests" */;
			buildPhases = (
				5A3433C5264B94450081BA8C /* Sources */,
				5A3433C6264B94450081BA8C /* Frameworks */,
				5A3433C7264B94450081BA8C /* Resources */,
			);
			buildRules = (
			);
			dependencies = (
				5A3433CB264B94450081BA8C /* PBXTargetDependency */,
			);
			name = WordListUITests;
			productName = WordListUITests;
			productReference = 5A3433C9264B94450081BA8C /* WordListUITests.xctest */;
			productType = "com.apple.product-type.bundle.ui-testing";
		};
/* End PBXNativeTarget section */

/* Begin PBXProject section */
		5A3433A0264B943D0081BA8C /* Project object */ = {
			isa = PBXProject;
			attributes = {
				LastSwiftUpdateCheck = 1250;
				LastUpgradeCheck = 1250;
				TargetAttributes = {
					5A3433A7264B943D0081BA8C = {
						CreatedOnToolsVersion = 12.5;
					};
					5A3433BD264B94450081BA8C = {
						CreatedOnToolsVersion = 12.5;
						TestTargetID = 5A3433A7264B943D0081BA8C;
					};
					5A3433C8264B94450081BA8C = {
						CreatedOnToolsVersion = 12.5;
						TestTargetID = 5A3433A7264B943D0081BA8C;
					};
				};
			};
			buildConfigurationList = 5A3433A3264B943D0081BA8C /* Build configuration list for PBXProject "WordList" */;
			compatibilityVersion = "Xcode 9.3";
			developmentRegion = en;
			hasScannedForEncodings = 0;
			knownRegions = (
				en,
				Base,
			);
			mainGroup = 5A34339F264B943D0081BA8C;
			productRefGroup = 5A3433A9264B943D0081BA8C /* Products */;
			projectDirPath = "";
			projectRoot = "";
			targets = (
				5A3433A7264B943D0081BA8C /* WordList */,
				5A3433BD264B94450081BA8C /* WordListTests */,
				5A3433C8264B94450081BA8C /* WordListUITests */,
			);
		};
/* End PBXProject section */

/* Begin PBXResourcesBuildPhase section */
		5A3433A6264B943D0081BA8C /* Resources */ = {
			isa = PBXResourcesBuildPhase;
			buildActionMask = 2147483647;
			files = (
				5A3433B8264B94440081BA8C /* LaunchScreen.storyboard in Resources */,
				5A3433B5264B94440081BA8C /* Assets.xcassets in Resources */,
				5A3433B3264B943D0081BA8C /* Main.storyboard in Resources */,
			);
			runOnlyForDeploymentPostprocessing = 0;
		};
		5A3433BC264B94450081BA8C /* Resources */ = {
			isa = PBXResourcesBuildPhase;
			buildActionMask = 2147483647;
			files = (
			);
			runOnlyForDeploymentPostprocessing = 0;
		};
		5A3433C7264B94450081BA8C /* Resources */ = {
			isa = PBXResourcesBuildPhase;
			buildActionMask = 2147483647;
			files = (
			);
			runOnlyForDeploymentPostprocessing = 0;
		};
/* End PBXResourcesBuildPhase section */

/* Begin PBXSourcesBuildPhase section */
		5A3433A4264B943D0081BA8C /* Sources */ = {
			isa = PBXSourcesBuildPhase;
			buildActionMask = 2147483647;
			files = (
				5A3433B0264B943D0081BA8C /* ViewController.swift in Sources */,
				5A3433AC264B943D0081BA8C /* AppDelegate.swift in Sources */,
				5A3433AE264B943D0081BA8C /* SceneDelegate.swift in Sources */,
			);
			runOnlyForDeploymentPostprocessing = 0;
		};
		5A3433BA264B94450081BA8C /* Sources */ = {
			isa = PBXSourcesBuildPhase;
			buildActionMask = 2147483647;
			files = (
				5A3433C3264B94450081BA8C /* WordListTests.swift in Sources */,
			);
			runOnlyForDeploymentPostprocessing = 0;
		};
		5A3433C5264B94450081BA8C /* Sources */ = {
			isa = PBXSourcesBuildPhase;
			buildActionMask = 2147483647;
			files = (
				5A3433CE264B94450081BA8C /* WordListUITests.swift in Sources */,
			);
			runOnlyForDeploymentPostprocessing = 0;
		};
/* End PBXSourcesBuildPhase section */

/* Begin PBXTargetDependency section */
		5A3433C0264B94450081BA8C /* PBXTargetDependency */ = {
			isa = PBXTargetDependency;
			target = 5A3433A7264B943D0081BA8C /* WordList */;
			targetProxy = 5A3433BF264B94450081BA8C /* PBXContainerItemProxy */;
		};
		5A3433CB264B94450081BA8C /* PBXTargetDependency */ = {
			isa = PBXTargetDependency;
			target = 5A3433A7264B943D0081BA8C /* WordList */;
			targetProxy = 5A3433CA264B94450081BA8C /* PBXContainerItemProxy */;
		};
/* End PBXTargetDependency section */

/* Begin PBXVariantGroup section */
		5A3433B1264B943D0081BA8C /* Main.storyboard */ = {
			isa = PBXVariantGroup;
			children = (
				5A3433B2264B943D0081BA8C /* Base */,
			);
			name = Main.storyboard;
			sourceTree = "<group>";
		};
		5A3433B6264B94440081BA8C /* LaunchScreen.storyboard */ = {
			isa = PBXVariantGroup;
			children = (
				5A3433B7264B94440081BA8C /* Base */,
			);
			name = LaunchScreen.storyboard;
			sourceTree = "<group>";
		};
/* End PBXVariantGroup section */

/* Begin XCBuildConfiguration section */
		5A3433D0264B94450081BA8C /* Debug */ = {
			isa = XCBuildConfiguration;
			buildSettings = {
				ALWAYS_SEARCH_USER_PATHS = NO;
				CLANG_ANALYZER_NONNULL = YES;
				CLANG_ANALYZER_NUMBER_OBJECT_CONVERSION = YES_AGGRESSIVE;
				CLANG_CXX_LANGUAGE_STANDARD = "gnu++14";
				CLANG_CXX_LIBRARY = "libc++";
				CLANG_ENABLE_MODULES = YES;
				CLANG_ENABLE_OBJC_ARC = YES;
				CLANG_ENABLE_OBJC_WEAK = YES;
				CLANG_WARN_BLOCK_CAPTURE_AUTORELEASING = YES;
				CLANG_WARN_BOOL_CONVERSION = YES;
				CLANG_WARN_COMMA = YES;
				CLANG_WARN_CONSTANT_CONVERSION = YES;
				CLANG_WARN_DEPRECATED_OBJC_IMPLEMENTATIONS = YES;
				CLANG_WARN_DIRECT_OBJC_ISA_USAGE = YES_ERROR;
				CLANG_WARN_DOCUMENTATION_COMMENTS = YES;
				CLANG_WARN_EMPTY_BODY = YES;
				CLANG_WARN_ENUM_CONVERSION = YES;
				CLANG_WARN_INFINITE_RECURSION = YES;
				CLANG_WARN_INT_CONVERSION = YES;
				CLANG_WARN_NON_LITERAL_NULL_CONVERSION = YES;
				CLANG_WARN_OBJC_IMPLICIT_RETAIN_SELF = YES;
				CLANG_WARN_OBJC_LITERAL_CONVERSION = YES;
				CLANG_WARN_OBJC_ROOT_CLASS = YES_ERROR;
				CLANG_WARN_QUOTED_INCLUDE_IN_FRAMEWORK_HEADER = YES;
				CLANG_WARN_RANGE_LOOP_ANALYSIS = YES;
				CLANG_WARN_STRICT_PROTOTYPES = YES;
				CLANG_WARN_SUSPICIOUS_MOVE = YES;
				CLANG_WARN_UNGUARDED_AVAILABILITY = YES_AGGRESSIVE;
				CLANG_WARN_UNREACHABLE_CODE = YES;
				CLANG_WARN__DUPLICATE_METHOD_MATCH = YES;
				COPY_PHASE_STRIP = NO;
				DEBUG_INFORMATION_FORMAT = dwarf;
				ENABLE_STRICT_OBJC_MSGSEND = YES;
				ENABLE_TESTABILITY = YES;
				GCC_C_LANGUAGE_STANDARD = gnu11;
				GCC_DYNAMIC_NO_PIC = NO;
				GCC_NO_COMMON_BLOCKS = YES;
				GCC_OPTIMIZATION_LEVEL = 0;
				GCC_PREPROCESSOR_DEFINITIONS = (
					"DEBUG=1",
					"$(inherited)",
				);
				GCC_WARN_64_TO_32_BIT_CONVERSION = YES;
				GCC_WARN_ABOUT_RETURN_TYPE = YES_ERROR;
				GCC_WARN_UNDECLARED_SELECTOR = YES;
				GCC_WARN_UNINITIALIZED_AUTOS = YES_AGGRESSIVE;
				GCC_WARN_UNUSED_FUNCTION = YES;
				GCC_WARN_UNUSED_VARIABLE = YES;
				IPHONEOS_DEPLOYMENT_TARGET = 14.5;
				MTL_ENABLE_DEBUG_INFO = INCLUDE_SOURCE;
				MTL_FAST_MATH = YES;
				ONLY_ACTIVE_ARCH = YES;
				SDKROOT = iphoneos;
				SWIFT_ACTIVE_COMPILATION_CONDITIONS = DEBUG;
				SWIFT_OPTIMIZATION_LEVEL = "-Onone";
			};
			name = Debug;
		};
		5A3433D1264B94450081BA8C /* Release */ = {
			isa = XCBuildConfiguration;
			buildSettings = {
				ALWAYS_SEARCH_USER_PATHS = NO;
				CLANG_ANALYZER_NONNULL = YES;
				CLANG_ANALYZER_NUMBER_OBJECT_CONVERSION = YES_AGGRESSIVE;
				CLANG_CXX_LANGUAGE_STANDARD = "gnu++14";
				CLANG_CXX_LIBRARY = "libc++";
				CLANG_ENABLE_MODULES = YES;
				CLANG_ENABLE_OBJC_ARC = YES;
				CLANG_ENABLE_OBJC_WEAK = YES;
				CLANG_WARN_BLOCK_CAPTURE_AUTORELEASING = YES;
				CLANG_WARN_BOOL_CONVERSION = YES;
				CLANG_WARN_COMMA = YES;
				CLANG_WARN_CONSTANT_CONVERSION = YES;
				CLANG_WARN_DEPRECATED_OBJC_IMPLEMENTATIONS = YES;
				CLANG_WARN_DIRECT_OBJC_ISA_USAGE = YES_ERROR;
				CLANG_WARN_DOCUMENTATION_COMMENTS = YES;
				CLANG_WARN_EMPTY_BODY = YES;
				CLANG_WARN_ENUM_CONVERSION = YES;
				CLANG_WARN_INFINITE_RECURSION = YES;
				CLANG_WARN_INT_CONVERSION = YES;
				CLANG_WARN_NON_LITERAL_NULL_CONVERSION = YES;
				CLANG_WARN_OBJC_IMPLICIT_RETAIN_SELF = YES;
				CLANG_WARN_OBJC_LITERAL_CONVERSION = YES;
				CLANG_WARN_OBJC_ROOT_CLASS = YES_ERROR;
				CLANG_WARN_QUOTED_INCLUDE_IN_FRAMEWORK_HEADER = YES;
				CLANG_WARN_RANGE_LOOP_ANALYSIS = YES;
				CLANG_WARN_STRICT_PROTOTYPES = YES;
				CLANG_WARN_SUSPICIOUS_MOVE = YES;
				CLANG_WARN_UNGUARDED_AVAILABILITY = YES_AGGRESSIVE;
				CLANG_WARN_UNREACHABLE_CODE = YES;
				CLANG_WARN__DUPLICATE_METHOD_MATCH = YES;
				COPY_PHASE_STRIP = NO;
				DEBUG_INFORMATION_FORMAT = "dwarf-with-dsym";
				ENABLE_NS_ASSERTIONS = NO;
				ENABLE_STRICT_OBJC_MSGSEND = YES;
				GCC_C_LANGUAGE_STANDARD = gnu11;
				GCC_NO_COMMON_BLOCKS = YES;
				GCC_WARN_64_TO_32_BIT_CONVERSION = YES;
				GCC_WARN_ABOUT_RETURN_TYPE = YES_ERROR;
				GCC_WARN_UNDECLARED_SELECTOR = YES;
				GCC_WARN_UNINITIALIZED_AUTOS = YES_AGGRESSIVE;
				GCC_WARN_UNUSED_FUNCTION = YES;
				GCC_WARN_UNUSED_VARIABLE = YES;
				IPHONEOS_DEPLOYMENT_TARGET = 14.5;
				MTL_ENABLE_DEBUG_INFO = NO;
				MTL_FAST_MATH = YES;
				SDKROOT = iphoneos;
				SWIFT_COMPILATION_MODE = wholemodule;
				SWIFT_OPTIMIZATION_LEVEL = "-O";
				VALIDATE_PRODUCT = YES;
			};
			name = Release;
		};
		5A3433D3264B94450081BA8C /* Debug */ = {
			isa = XCBuildConfiguration;
			buildSettings = {
				ASSETCATALOG_COMPILER_APPICON_NAME = AppIcon;
				ASSETCATALOG_COMPILER_GLOBAL_ACCENT_COLOR_NAME = AccentColor;
				CODE_SIGN_STYLE = Automatic;
				INFOPLIST_FILE = WordList/Info.plist;
				LD_RUNPATH_SEARCH_PATHS = (
					"$(inherited)",
					"@executable_path/Frameworks",
				);
				PRODUCT_BUNDLE_IDENTIFIER = app.kawano.com.WordList;
				PRODUCT_NAME = "$(TARGET_NAME)";
				SWIFT_VERSION = 5.0;
				TARGETED_DEVICE_FAMILY = "1,2";
			};
			name = Debug;
		};
		5A3433D4264B94450081BA8C /* Release */ = {
			isa = XCBuildConfiguration;
			buildSettings = {
				ASSETCATALOG_COMPILER_APPICON_NAME = AppIcon;
				ASSETCATALOG_COMPILER_GLOBAL_ACCENT_COLOR_NAME = AccentColor;
				CODE_SIGN_STYLE = Automatic;
				INFOPLIST_FILE = WordList/Info.plist;
				LD_RUNPATH_SEARCH_PATHS = (
					"$(inherited)",
					"@executable_path/Frameworks",
				);
				PRODUCT_BUNDLE_IDENTIFIER = app.kawano.com.WordList;
				PRODUCT_NAME = "$(TARGET_NAME)";
				SWIFT_VERSION = 5.0;
				TARGETED_DEVICE_FAMILY = "1,2";
			};
			name = Release;
		};
		5A3433D6264B94450081BA8C /* Debug */ = {
			isa = XCBuildConfiguration;
			buildSettings = {
				ALWAYS_EMBED_SWIFT_STANDARD_LIBRARIES = YES;
				BUNDLE_LOADER = "$(TEST_HOST)";
				CODE_SIGN_STYLE = Automatic;
				INFOPLIST_FILE = WordListTests/Info.plist;
				IPHONEOS_DEPLOYMENT_TARGET = 14.5;
				LD_RUNPATH_SEARCH_PATHS = (
					"$(inherited)",
					"@executable_path/Frameworks",
					"@loader_path/Frameworks",
				);
				PRODUCT_BUNDLE_IDENTIFIER = app.kawano.com.WordListTests;
				PRODUCT_NAME = "$(TARGET_NAME)";
				SWIFT_VERSION = 5.0;
				TARGETED_DEVICE_FAMILY = "1,2";
				TEST_HOST = "$(BUILT_PRODUCTS_DIR)/WordList.app/WordList";
			};
			name = Debug;
		};
		5A3433D7264B94450081BA8C /* Release */ = {
			isa = XCBuildConfiguration;
			buildSettings = {
				ALWAYS_EMBED_SWIFT_STANDARD_LIBRARIES = YES;
				BUNDLE_LOADER = "$(TEST_HOST)";
				CODE_SIGN_STYLE = Automatic;
				INFOPLIST_FILE = WordListTests/Info.plist;
				IPHONEOS_DEPLOYMENT_TARGET = 14.5;
				LD_RUNPATH_SEARCH_PATHS = (
					"$(inherited)",
					"@executable_path/Frameworks",
					"@loader_path/Frameworks",
				);
				PRODUCT_BUNDLE_IDENTIFIER = app.kawano.com.WordListTests;
				PRODUCT_NAME = "$(TARGET_NAME)";
				SWIFT_VERSION = 5.0;
				TARGETED_DEVICE_FAMILY = "1,2";
				TEST_HOST = "$(BUILT_PRODUCTS_DIR)/WordList.app/WordList";
			};
			name = Release;
		};
		5A3433D9264B94450081BA8C /* Debug */ = {
			isa = XCBuildConfiguration;
			buildSettings = {
				ALWAYS_EMBED_SWIFT_STANDARD_LIBRARIES = YES;
				CODE_SIGN_STYLE = Automatic;
				INFOPLIST_FILE = WordListUITests/Info.plist;
				LD_RUNPATH_SEARCH_PATHS = (
					"$(inherited)",
					"@executable_path/Frameworks",
					"@loader_path/Frameworks",
				);
				PRODUCT_BUNDLE_IDENTIFIER = app.kawano.com.WordListUITests;
				PRODUCT_NAME = "$(TARGET_NAME)";
				SWIFT_VERSION = 5.0;
				TARGETED_DEVICE_FAMILY = "1,2";
				TEST_TARGET_NAME = WordList;
			};
			name = Debug;
		};
		5A3433DA264B94450081BA8C /* Release */ = {
			isa = XCBuildConfiguration;
			buildSettings = {
				ALWAYS_EMBED_SWIFT_STANDARD_LIBRARIES = YES;
				CODE_SIGN_STYLE = Automatic;
				INFOPLIST_FILE = WordListUITests/Info.plist;
				LD_RUNPATH_SEARCH_PATHS = (
					"$(inherited)",
					"@executable_path/Frameworks",
					"@loader_path/Frameworks",
				);
				PRODUCT_BUNDLE_IDENTIFIER = app.kawano.com.WordListUITests;
				PRODUCT_NAME = "$(TARGET_NAME)";
				SWIFT_VERSION = 5.0;
				TARGETED_DEVICE_FAMILY = "1,2";
				TEST_TARGET_NAME = WordList;
			};
			name = Release;
		};
/* End XCBuildConfiguration section */

/* Begin XCConfigurationList section */
		5A3433A3264B943D0081BA8C /* Build configuration list for PBXProject "WordList" */ = {
			isa = XCConfigurationList;
			buildConfigurations = (
				5A3433D0264B94450081BA8C /* Debug */,
				5A3433D1264B94450081BA8C /* Release */,
			);
			defaultConfigurationIsVisible = 0;
			defaultConfigurationName = Release;
		};
		5A3433D2264B94450081BA8C /* Build configuration list for PBXNativeTarget "WordList" */ = {
			isa = XCConfigurationList;
			buildConfigurations = (
				5A3433D3264B94450081BA8C /* Debug */,
				5A3433D4264B94450081BA8C /* Release */,
			);
			defaultConfigurationIsVisible = 0;
			defaultConfigurationName = Release;
		};
		5A3433D5264B94450081BA8C /* Build configuration list for PBXNativeTarget "WordListTests" */ = {
			isa = XCConfigurationList;
			buildConfigurations = (
				5A3433D6264B94450081BA8C /* Debug */,
				5A3433D7264B94450081BA8C /* Release */,
			);
			defaultConfigurationIsVisible = 0;
			defaultConfigurationName = Release;
		};
		5A3433D8264B94450081BA8C /* Build configuration list for PBXNativeTarget "WordListUITests" */ = {
			isa = XCConfigurationList;
			buildConfigurations = (
				5A3433D9264B94450081BA8C /* Debug */,
				5A3433DA264B94450081BA8C /* Release */,
			);
			defaultConfigurationIsVisible = 0;
			defaultConfigurationName = Release;
		};
/* End XCConfigurationList section */
	};
	rootObject = 5A3433A0264B943D0081BA8C /* Project object */;
}
